
Microsoft Visual Studio Solution File, Format Version 12.00
# Visual Studio Version 18
VisualStudioVersion = 18.10.12120.281
MinimumVisualStudioVersion = 10.0.40219.1
Project("{8BC9CEB8-8B4A-11D0-8D11-00A0C91BC942}") = "FirstConsoleApplication", "FirstConsoleApplication\FirstConsoleApplication.vcxproj", "{98F9EDB1-6310-4001-979F-D42306D69410}"
EndProject
Project("{8BC9CEB8-8B4A-11D0-8D11-00A0C91BC942}") = "VariableConsoleApplication", "VariableConsoleApplication\VariableConsoleApplication.vcxproj", "{105A55DF-9C03-440A-8E53-EF00C667DFBB}"
EndProject
Project("{2150E333-8FDC-42A3-9474-1A3956D46DE8}") = "01.Podstawy", "01.Podstawy", "{D13A6572-EF75-4383-91E0-96EC04E01B44}"
EndProject
Project("{2150E333-8FDC-42A3-9474-1A3956D46DE8}") = "02.Instrukcje decyzyjne", "02.Instrukcje decyzyjne", "{4D1EB96A-B38E-48B7-A921-48B9AD343308}"
EndProject
Project("{8BC9CEB8-8B4A-11D0-8D11-00A0C91BC942}") = "InstructionConsoleApplication", "InstructionConsoleApplication\InstructionConsoleApplication.vcxproj", "{DCCE89BA-5312-45BA-9A2E-8F652BB164A6}"
EndProject
Project("{8BC9CEB8-8B4A-11D0-8D11-00A0C91BC942}") = "LoopDoWhileConsoleApplication", "LoopDoWhileConsoleApplication\LoopDoWhileConsoleApplication.vcxproj", "{139C2150-EB7F-4FDF-AC2D-3E3D4088E365}"
EndProject
Project("{8BC9CEB8-8B4A-11D0-8D11-00A0C91BC942}") = "LoopWhileConsoleApplication", "LoopWhileConsoleApplication\LoopWhileConsoleApplication.vcxproj", "{8613A519-E298-4969-B35C-7F7F36A376F3}"
EndProject
Project("{8BC9CEB8-8B4A-11D0-8D11-00A0C91BC942}") = "LoopForConsoleApplication", "LoopForConsoleApplication\LoopForConsoleApplication.vcxproj", "{81A7876A-928D-47E5-BB37-602B615F5CCA}"
EndProject
Project("{2150E333-8FDC-42A3-9474-1A3956D46DE8}") = "03.Kolekcje", "03.Kolekcje", "{FED6B839-3B55-4538-B588-B2F477E89550}"
EndProject
Project("{8BC9CEB8-8B4A-11D0-8D11-00A0C91BC942}") = "CharactersConsoleApplication", "CharactersConsoleApplication\CharactersConsoleApplication.vcxproj", "{195E1FF5-F847-4497-904C-AF84EBABC260}"
EndProject
Project("{8BC9CEB8-8B4A-11D0-8D11-00A0C91BC942}") = "ArrayConsoleApplication", "ArrayConsoleApplication\ArrayConsoleApplication.vcxproj", "{D25CDAE0-B32B-4906-9E00-5992E4C9D65C}"
EndProject
Project("{2150E333-8FDC-42A3-9474-1A3956D46DE8}") = "04.Funkcje", "04.Funkcje", "{0019F29E-E196-41C0-919E-892E40017745}"
EndProject
Project("{8BC9CEB8-8B4A-11D0-8D11-00A0C91BC942}") = "FunctionConsoleApplication", "FunctionConsoleApplication\FunctionConsoleApplication.vcxproj", "{0532347E-7F46-487E-ACAA-52D69F527FF9}"
EndProject
Project("{8BC9CEB8-8B4A-11D0-8D11-00A0C91BC942}") = "TicTacToeConsoleApplication", "TicTacToeConsoleApplication\TicTacToeConsoleApplication.vcxproj", "{E202CD2A-6273-4CF9-A88A-6B510290C6A0}"
EndProject
Project("{2150E333-8FDC-42A3-9474-1A3956D46DE8}") = "06.Zadania", "06.Zadania", "{2C99F321-856F-407A-975E-EA6BBF57F7D8}"
EndProject
Project("{8BC9CEB8-8B4A-11D0-8D11-00A0C91BC942}") = "TasksConsoleApplication", "TasksConsoleApplication\TasksConsoleApplication.vcxproj", "{3D46F8DC-2FE6-4C46-9DED-49CA174EF20B}"
EndProject
Project("{8BC9CEB8-8B4A-11D0-8D11-00A0C91BC942}") = "SnakeConsoleApplication", "SnakeConsoleApplication\SnakeConsoleApplication.vcxproj", "{ED604F64-E8F7-49C7-B411-35459CF90C3D}"
EndProject
Project("{8BC9CEB8-8B4A-11D0-8D11-00A0C91BC942}") = "StarsConsoleApplication", "StarsConsoleApplication\StarsConsoleApplication.vcxproj", "{AC570706-1F7E-411C-AB4B-A2E6A925B37E}"
EndProject
Project("{8BC9CEB8-8B4A-11D0-8D11-00A0C91BC942}") = "DrawRectangleConsoleApplication", "DrawRectangleConsoleApplication\DrawRectangleConsoleApplication.vcxproj", "{E142B67E-662C-42A4-B29C-7570CDE1CACA}"
EndProject
Project("{8BC9CEB8-8B4A-11D0-8D11-00A0C91BC942}") = "TimerConsoleApplication", "TimerConsoleApplication\TimerConsoleApplication.vcxproj", "{61F6BEA5-385D-4856-A2CE-42FBA9D54F54}"
EndProject
Project("{2150E333-8FDC-42A3-9474-1A3956D46DE8}") = "Strukturalne", "Strukturalne", "{A3AFD71F-E408-43C1-8D24-02E1B960F888}"
EndProject
Project("{2150E333-8FDC-42A3-9474-1A3956D46DE8}") = "Obiektowe", "Obiektowe", "{135D92B6-8C70-40D4-9DDC-F44EC1DBCE6E}"
EndProject
Project("{2150E333-8FDC-42A3-9474-1A3956D46DE8}") = "01. Struktury", "01. Struktury", "{46F66FEA-B070-42C1-AC77-C10B48C76769}"
EndProject
Project("{8BC9CEB8-8B4A-11D0-8D11-00A0C91BC942}") = "FirstStructConsoleApplication", "FirstStructConsoleApplication\FirstStructConsoleApplication.vcxproj", "{B3F058A8-F3C0-4D9D-99BE-11F11984989C}"
EndProject
Project("{2150E333-8FDC-42A3-9474-1A3956D46DE8}") = "Programowanie - Lekcje", "Programowanie - Lekcje", "{D279C04B-E40B-4E53-A3CC-EC4EF711D1EB}"
EndProject
Project("{2150E333-8FDC-42A3-9474-1A3956D46DE8}") = "Programowanie - ForFun", "Programowanie - ForFun", "{46955595-8975-452F-8C79-6501F26F5D9F}"
EndProject
Project("{8BC9CEB8-8B4A-11D0-8D11-00A0C91BC942}") = "GierkaJakasCzyCos", "GierkaJakasCzyCos\GierkaJakasCzyCos.vcxproj", "{263D7A79-07BA-4FF4-8B95-A191F37A70B1}"
EndProject
Project("{8BC9CEB8-8B4A-11D0-8D11-00A0C91BC942}") = "SmiesznyClicker", "SmiesznyClicker\SmiesznyClicker.vcxproj", "{DA99A076-5B17-4AC5-A57B-7E538C01B255}"
EndProject
Project("{2150E333-8FDC-42A3-9474-1A3956D46DE8}") = "02. Podstawy Obiektów", "02. Podstawy Obiektów", "{766F8214-1615-4B3B-9466-465F4F1FBA2C}"
EndProject
Project("{8BC9CEB8-8B4A-11D0-8D11-00A0C91BC942}") = "FirstObjectConsoleApplication", "FirstObjectConsoleApplication\FirstObjectConsoleApplication.vcxproj", "{D765E6BD-7194-42A3-BF27-14099C777E6E}"
EndProject
Project("{8BC9CEB8-8B4A-11D0-8D11-00A0C91BC942}") = "ReadAndWriteToFilesConsoleApplication", "ReadAndWriteToFilesConsoleApplication\ReadAndWriteToFilesConsoleApplication.vcxproj", "{C358B34C-6BF6-4864-8ED6-0BB5977A92AD}"
EndProject
Project("{8BC9CEB8-8B4A-11D0-8D11-00A0C91BC942}") = "StringConsoleApplication", "StringConsoleApplication\StringConsoleApplication.vcxproj", "{F3EA66AC-0C50-4442-89A7-71527112564B}"
EndProject
Project("{8BC9CEB8-8B4A-11D0-8D11-00A0C91BC942}") = "InheritanceConsoleApplication", "InheritanceConsoleApplication\InheritanceConsoleApplication.vcxproj", "{F9AB2D8A-4154-4B00-9E41-707D95E0FA1B}"
EndProject
Project("{8BC9CEB8-8B4A-11D0-8D11-00A0C91BC942}") = "FigureObjectConsoleApplication", "FigureObjectConsoleApplication\FigureObjectConsoleApplication.vcxproj", "{604F7031-4205-43A1-B22D-9FD7C077E666}"
EndProject
Project("{2150E333-8FDC-42A3-9474-1A3956D46DE8}") = "Matura", "Matura", "{BC3E026D-473F-4FDE-89AE-22591BD4EA58}"
EndProject
Project("{8BC9CEB8-8B4A-11D0-8D11-00A0C91BC942}") = "Matura2022MajConsoleApplication", "Matura2022MajConsoleApplication\Matura2022MajConsoleApplication.vcxproj", "{569641A1-049E-43E2-AB62-15AF833416A1}"
EndProject
Project("{8BC9CEB8-8B4A-11D0-8D11-00A0C91BC942}") = "Matura2022CzerwiecConsoleApplication", "Matura2022CzerwiecConsoleApplication\Matura2022CzerwiecConsoleApplication.vcxproj", "{DDDFF6BE-8207-455E-8DDC-7A156F2AA84E}"
EndProject
Project("{8BC9CEB8-8B4A-11D0-8D11-00A0C91BC942}") = "Matura2024MajConsoleApplication", "Matura2024MajConsoleApplication\Matura2024MajConsoleApplication.vcxproj", "{996BA3CD-AEB4-42F2-9C3C-477A6D922EAC}"
EndProject
Project("{2150E333-8FDC-42A3-9474-1A3956D46DE8}") = "C++", "C++", "{02EA681E-C7D8-13C7-8484-4AC65E1B71E8}"
EndProject
Project("{2150E333-8FDC-42A3-9474-1A3956D46DE8}") = "C#", "C#", "{C919FAF1-FA46-48A3-AD93-CC935CCD1A84}"
EndProject
Project("{FAE04EC0-301F-11D3-BF4B-00C04F79EFBC}") = "FirstConsoleApp", "FirstConsoleApp\FirstConsoleApp.csproj", "{1FAD8AE6-ED1F-409F-B369-09F8D74BABFE}"
EndProject
Project("{FAE04EC0-301F-11D3-BF4B-00C04F79EFBC}") = "ObjectConsoleApp", "ObjectConsoleApp\ObjectConsoleApp.csproj", "{7C94171A-D9F9-4B35-88D2-1ABDF847F6AB}"
EndProject
Project("{FAE04EC0-301F-11D3-BF4B-00C04F79EFBC}") = "AboutObjectConsoleApp", "AboutObjectConsoleApp\AboutObjectConsoleApp.csproj", "{DBFD7C99-16A7-408F-8ED6-2F9448885400}"
EndProject
Project("{FAE04EC0-301F-11D3-BF4B-00C04F79EFBC}") = "ErrorsConsoleApp", "ErrorsConsoleApp\ErrorsConsoleApp.csproj", "{CBC1641D-1194-464F-8DE3-18F756D5A1DE}"
EndProject
Project("{FAE04EC0-301F-11D3-BF4B-00C04F79EFBC}") = "PracticalTasksConsoleApp", "PracticalTasksConsoleApp\PracticalTasksConsoleApp.csproj", "{AD568C58-C961-4808-847F-6B23BE2FC490}"
EndProject
Project("{FAE04EC0-301F-11D3-BF4B-00C04F79EFBC}") = "PolymorphismConsoleApp", "PolymorphismConsoleApp\PolymorphismConsoleApp.csproj", "{542681E9-8C30-4BDF-A2F9-223115BE4F55}"
EndProject
Project("{FAE04EC0-301F-11D3-BF4B-00C04F79EFBC}") = "GenericTypesConsoleApp", "GenericTypesConsoleApp\GenericTypesConsoleApp.csproj", "{BFD81E61-C3E7-4972-B9FE-A1BC12715DD0}"
EndProject
Project("{FAE04EC0-301F-11D3-BF4B-00C04F79EFBC}") = "LinqPracticalTasksConsoleApp", "LinqPracticalTasksConsoleApp\LinqPracticalTasksConsoleApp.csproj", "{E409A79C-FCF1-45B9-8656-E81958472105}"
EndProject
Project("{2150E333-8FDC-42A3-9474-1A3956D46DE8}") = "Podstawy", "Podstawy", "{4A373B39-951F-4D6E-A469-D4FBD6E2E2A7}"
EndProject
Project("{2150E333-8FDC-42A3-9474-1A3956D46DE8}") = "MAUI", "MAUI", "{CA3C806F-E1EE-4C06-AC38-EADC99009BC7}"
EndProject
Project("{2150E333-8FDC-42A3-9474-1A3956D46DE8}") = "01", "01", "{AA050BFC-6DB4-4942-8C4E-38CC9C741A78}"
EndProject
Project("{FAE04EC0-301F-11D3-BF4B-00C04F79EFBC}") = "FirstMauiApp", "FirstMauiApp\FirstMauiApp.csproj", "{6DAFDB12-76CC-41E0-B185-0C86CB2A8179}"
EndProject
Project("{2150E333-8FDC-42A3-9474-1A3956D46DE8}") = "02", "02", "{62F32341-FE56-4144-B1F7-56723FE8A3E8}"
EndProject
Project("{FAE04EC0-301F-11D3-BF4B-00C04F79EFBC}") = "SimpleCalculatorMauiApp", "SimpleCalculatorMauiApp\SimpleCalculatorMauiApp.csproj", "{B9F7E90D-54D5-43F7-A528-C72D92B08286}"
EndProject
Project("{2150E333-8FDC-42A3-9474-1A3956D46DE8}") = "03", "03", "{0FA4470E-B4C8-4DFF-8518-19F861C75D7C}"
EndProject
Project("{FAE04EC0-301F-11D3-BF4B-00C04F79EFBC}") = "EventVsBindingMauiApp", "EventVsBindingMauiApp\EventVsBindingMauiApp.csproj", "{11E61BDE-0A21-4462-9425-E1703F096288}"
EndProject
Project("{2150E333-8FDC-42A3-9474-1A3956D46DE8}") = "04", "04", "{D6B9E7BD-D89D-43B4-9A1C-CD3574CA57E2}"
EndProject
Project("{FAE04EC0-301F-11D3-BF4B-00C04F79EFBC}") = "SimpleBindingCalculatorMauiApp", "SimpleBindingCalculatorMauiApp\SimpleBindingCalculatorMauiApp.csproj", "{6BF5A757-89E0-424C-95D7-33D648058A82}"
EndProject
Project("{2150E333-8FDC-42A3-9474-1A3956D46DE8}") = "05", "05", "{AA1F719E-8D72-4380-8078-4C9A7D4DB037}"
EndProject
Project("{FAE04EC0-301F-11D3-BF4B-00C04F79EFBC}") = "LayoutsMauiApp", "LayoutsMauiApp\LayoutsMauiApp.csproj", "{196A1052-1F25-494B-B4D3-770546CE70A3}"
EndProject
Global
	GlobalSection(SolutionConfigurationPlatforms) = preSolution
		Debug|Any CPU = Debug|Any CPU
		Debug|x64 = Debug|x64
		Debug|x86 = Debug|x86
		Release|Any CPU = Release|Any CPU
		Release|x64 = Release|x64
		Release|x86 = Release|x86
	EndGlobalSection
	GlobalSection(ProjectConfigurationPlatforms) = postSolution
		{98F9EDB1-6310-4001-979F-D42306D69410}.Debug|Any CPU.ActiveCfg = Debug|x64
		{98F9EDB1-6310-4001-979F-D42306D69410}.Debug|Any CPU.Build.0 = Debug|x64
		{98F9EDB1-6310-4001-979F-D42306D69410}.Debug|x64.ActiveCfg = Debug|x64
		{98F9EDB1-6310-4001-979F-D42306D69410}.Debug|x64.Build.0 = Debug|x64
		{98F9EDB1-6310-4001-979F-D42306D69410}.Debug|x86.ActiveCfg = Debug|Win32
		{98F9EDB1-6310-4001-979F-D42306D69410}.Debug|x86.Build.0 = Debug|Win32
		{98F9EDB1-6310-4001-979F-D42306D69410}.Release|Any CPU.ActiveCfg = Release|x64
		{98F9EDB1-6310-4001-979F-D42306D69410}.Release|Any CPU.Build.0 = Release|x64
		{98F9EDB1-6310-4001-979F-D42306D69410}.Release|x64.ActiveCfg = Release|x64
		{98F9EDB1-6310-4001-979F-D42306D69410}.Release|x64.Build.0 = Release|x64
		{98F9EDB1-6310-4001-979F-D42306D69410}.Release|x86.ActiveCfg = Release|Win32
		{98F9EDB1-6310-4001-979F-D42306D69410}.Release|x86.Build.0 = Release|Win32
		{105A55DF-9C03-440A-8E53-EF00C667DFBB}.Debug|Any CPU.ActiveCfg = Debug|x64
		{105A55DF-9C03-440A-8E53-EF00C667DFBB}.Debug|Any CPU.Build.0 = Debug|x64
		{105A55DF-9C03-440A-8E53-EF00C667DFBB}.Debug|x64.ActiveCfg = Debug|x64
		{105A55DF-9C03-440A-8E53-EF00C667DFBB}.Debug|x64.Build.0 = Debug|x64
		{105A55DF-9C03-440A-8E53-EF00C667DFBB}.Debug|x86.ActiveCfg = Debug|Win32
		{105A55DF-9C03-440A-8E53-EF00C667DFBB}.Debug|x86.Build.0 = Debug|Win32
		{105A55DF-9C03-440A-8E53-EF00C667DFBB}.Release|Any CPU.ActiveCfg = Release|x64
		{105A55DF-9C03-440A-8E53-EF00C667DFBB}.Release|Any CPU.Build.0 = Release|x64
		{105A55DF-9C03-440A-8E53-EF00C667DFBB}.Release|x64.ActiveCfg = Release|x64
		{105A55DF-9C03-440A-8E53-EF00C667DFBB}.Release|x64.Build.0 = Release|x64
		{105A55DF-9C03-440A-8E53-EF00C667DFBB}.Release|x86.ActiveCfg = Release|Win32
		{105A55DF-9C03-440A-8E53-EF00C667DFBB}.Release|x86.Build.0 = Release|Win32
		{DCCE89BA-5312-45BA-9A2E-8F652BB164A6}.Debug|Any CPU.ActiveCfg = Debug|x64
		{DCCE89BA-5312-45BA-9A2E-8F652BB164A6}.Debug|Any CPU.Build.0 = Debug|x64
		{DCCE89BA-5312-45BA-9A2E-8F652BB164A6}.Debug|x64.ActiveCfg = Debug|x64
		{DCCE89BA-5312-45BA-9A2E-8F652BB164A6}.Debug|x64.Build.0 = Debug|x64
		{DCCE89BA-5312-45BA-9A2E-8F652BB164A6}.Debug|x86.ActiveCfg = Debug|Win32
		{DCCE89BA-5312-45BA-9A2E-8F652BB164A6}.Debug|x86.Build.0 = Debug|Win32
		{DCCE89BA-5312-45BA-9A2E-8F652BB164A6}.Release|Any CPU.ActiveCfg = Release|x64
		{DCCE89BA-5312-45BA-9A2E-8F652BB164A6}.Release|Any CPU.Build.0 = Release|x64
		{DCCE89BA-5312-45BA-9A2E-8F652BB164A6}.Release|x64.ActiveCfg = Release|x64
		{DCCE89BA-5312-45BA-9A2E-8F652BB164A6}.Release|x64.Build.0 = Release|x64
		{DCCE89BA-5312-45BA-9A2E-8F652BB164A6}.Release|x86.ActiveCfg = Release|Win32
		{DCCE89BA-5312-45BA-9A2E-8F652BB164A6}.Release|x86.Build.0 = Release|Win32
		{139C2150-EB7F-4FDF-AC2D-3E3D4088E365}.Debug|Any CPU.ActiveCfg = Debug|x64
		{139C2150-EB7F-4FDF-AC2D-3E3D4088E365}.Debug|Any CPU.Build.0 = Debug|x64
		{139C2150-EB7F-4FDF-AC2D-3E3D4088E365}.Debug|x64.ActiveCfg = Debug|x64
		{139C2150-EB7F-4FDF-AC2D-3E3D4088E365}.Debug|x64.Build.0 = Debug|x64
		{139C2150-EB7F-4FDF-AC2D-3E3D4088E365}.Debug|x86.ActiveCfg = Debug|Win32
		{139C2150-EB7F-4FDF-AC2D-3E3D4088E365}.Debug|x86.Build.0 = Debug|Win32
		{139C2150-EB7F-4FDF-AC2D-3E3D4088E365}.Release|Any CPU.ActiveCfg = Release|x64
		{139C2150-EB7F-4FDF-AC2D-3E3D4088E365}.Release|Any CPU.Build.0 = Release|x64
		{139C2150-EB7F-4FDF-AC2D-3E3D4088E365}.Release|x64.ActiveCfg = Release|x64
		{139C2150-EB7F-4FDF-AC2D-3E3D4088E365}.Release|x64.Build.0 = Release|x64
		{139C2150-EB7F-4FDF-AC2D-3E3D4088E365}.Release|x86.ActiveCfg = Release|Win32
		{139C2150-EB7F-4FDF-AC2D-3E3D4088E365}.Release|x86.Build.0 = Release|Win32
		{8613A519-E298-4969-B35C-7F7F36A376F3}.Debug|Any CPU.ActiveCfg = Debug|x64
		{8613A519-E298-4969-B35C-7F7F36A376F3}.Debug|Any CPU.Build.0 = Debug|x64
		{8613A519-E298-4969-B35C-7F7F36A376F3}.Debug|x64.ActiveCfg = Debug|x64
		{8613A519-E298-4969-B35C-7F7F36A376F3}.Debug|x64.Build.0 = Debug|x64
		{8613A519-E298-4969-B35C-7F7F36A376F3}.Debug|x86.ActiveCfg = Debug|Win32
		{8613A519-E298-4969-B35C-7F7F36A376F3}.Debug|x86.Build.0 = Debug|Win32
		{8613A519-E298-4969-B35C-7F7F36A376F3}.Release|Any CPU.ActiveCfg = Release|x64
		{8613A519-E298-4969-B35C-7F7F36A376F3}.Release|Any CPU.Build.0 = Release|x64
		{8613A519-E298-4969-B35C-7F7F36A376F3}.Release|x64.ActiveCfg = Release|x64
		{8613A519-E298-4969-B35C-7F7F36A376F3}.Release|x64.Build.0 = Release|x64
		{8613A519-E298-4969-B35C-7F7F36A376F3}.Release|x86.ActiveCfg = Release|Win32
		{8613A519-E298-4969-B35C-7F7F36A376F3}.Release|x86.Build.0 = Release|Win32
		{81A7876A-928D-47E5-BB37-602B615F5CCA}.Debug|Any CPU.ActiveCfg = Debug|x64
		{81A7876A-928D-47E5-BB37-602B615F5CCA}.Debug|Any CPU.Build.0 = Debug|x64
		{81A7876A-928D-47E5-BB37-602B615F5CCA}.Debug|x64.ActiveCfg = Debug|x64
		{81A7876A-928D-47E5-BB37-602B615F5CCA}.Debug|x64.Build.0 = Debug|x64
		{81A7876A-928D-47E5-BB37-602B615F5CCA}.Debug|x86.ActiveCfg = Debug|Win32
		{81A7876A-928D-47E5-BB37-602B615F5CCA}.Debug|x86.Build.0 = Debug|Win32
		{81A7876A-928D-47E5-BB37-602B615F5CCA}.Release|Any CPU.ActiveCfg = Release|x64
		{81A7876A-928D-47E5-BB37-602B615F5CCA}.Release|Any CPU.Build.0 = Release|x64
		{81A7876A-928D-47E5-BB37-602B615F5CCA}.Release|x64.ActiveCfg = Release|x64
		{81A7876A-928D-47E5-BB37-602B615F5CCA}.Release|x64.Build.0 = Release|x64
		{81A7876A-928D-47E5-BB37-602B615F5CCA}.Release|x86.ActiveCfg = Release|Win32
		{81A7876A-928D-47E5-BB37-602B615F5CCA}.Release|x86.Build.0 = Release|Win32
		{195E1FF5-F847-4497-904C-AF84EBABC260}.Debug|Any CPU.ActiveCfg = Debug|x64
		{195E1FF5-F847-4497-904C-AF84EBABC260}.Debug|Any CPU.Build.0 = Debug|x64
		{195E1FF5-F847-4497-904C-AF84EBABC260}.Debug|x64.ActiveCfg = Debug|x64
		{195E1FF5-F847-4497-904C-AF84EBABC260}.Debug|x64.Build.0 = Debug|x64
		{195E1FF5-F847-4497-904C-AF84EBABC260}.Debug|x86.ActiveCfg = Debug|Win32
		{195E1FF5-F847-4497-904C-AF84EBABC260}.Debug|x86.Build.0 = Debug|Win32
		{195E1FF5-F847-4497-904C-AF84EBABC260}.Release|Any CPU.ActiveCfg = Release|x64
		{195E1FF5-F847-4497-904C-AF84EBABC260}.Release|Any CPU.Build.0 = Release|x64
		{195E1FF5-F847-4497-904C-AF84EBABC260}.Release|x64.ActiveCfg = Release|x64
		{195E1FF5-F847-4497-904C-AF84EBABC260}.Release|x64.Build.0 = Release|x64
		{195E1FF5-F847-4497-904C-AF84EBABC260}.Release|x86.ActiveCfg = Release|Win32
		{195E1FF5-F847-4497-904C-AF84EBABC260}.Release|x86.Build.0 = Release|Win32
		{D25CDAE0-B32B-4906-9E00-5992E4C9D65C}.Debug|Any CPU.ActiveCfg = Debug|x64
		{D25CDAE0-B32B-4906-9E00-5992E4C9D65C}.Debug|Any CPU.Build.0 = Debug|x64
		{D25CDAE0-B32B-4906-9E00-5992E4C9D65C}.Debug|x64.ActiveCfg = Debug|x64
		{D25CDAE0-B32B-4906-9E00-5992E4C9D65C}.Debug|x64.Build.0 = Debug|x64
		{D25CDAE0-B32B-4906-9E00-5992E4C9D65C}.Debug|x86.ActiveCfg = Debug|Win32
		{D25CDAE0-B32B-4906-9E00-5992E4C9D65C}.Debug|x86.Build.0 = Debug|Win32
		{D25CDAE0-B32B-4906-9E00-5992E4C9D65C}.Release|Any CPU.ActiveCfg = Release|x64
		{D25CDAE0-B32B-4906-9E00-5992E4C9D65C}.Release|Any CPU.Build.0 = Release|x64
		{D25CDAE0-B32B-4906-9E00-5992E4C9D65C}.Release|x64.ActiveCfg = Release|x64
		{D25CDAE0-B32B-4906-9E00-5992E4C9D65C}.Release|x64.Build.0 = Release|x64
		{D25CDAE0-B32B-4906-9E00-5992E4C9D65C}.Release|x86.ActiveCfg = Release|Win32
		{D25CDAE0-B32B-4906-9E00-5992E4C9D65C}.Release|x86.Build.0 = Release|Win32
		{0532347E-7F46-487E-ACAA-52D69F527FF9}.Debug|Any CPU.ActiveCfg = Debug|x64
		{0532347E-7F46-487E-ACAA-52D69F527FF9}.Debug|Any CPU.Build.0 = Debug|x64
		{0532347E-7F46-487E-ACAA-52D69F527FF9}.Debug|x64.ActiveCfg = Debug|x64
		{0532347E-7F46-487E-ACAA-52D69F527FF9}.Debug|x64.Build.0 = Debug|x64
		{0532347E-7F46-487E-ACAA-52D69F527FF9}.Debug|x86.ActiveCfg = Debug|Win32
		{0532347E-7F46-487E-ACAA-52D69F527FF9}.Debug|x86.Build.0 = Debug|Win32
		{0532347E-7F46-487E-ACAA-52D69F527FF9}.Release|Any CPU.ActiveCfg = Release|x64
		{0532347E-7F46-487E-ACAA-52D69F527FF9}.Release|Any CPU.Build.0 = Release|x64
		{0532347E-7F46-487E-ACAA-52D69F527FF9}.Release|x64.ActiveCfg = Release|x64
		{0532347E-7F46-487E-ACAA-52D69F527FF9}.Release|x64.Build.0 = Release|x64
		{0532347E-7F46-487E-ACAA-52D69F527FF9}.Release|x86.ActiveCfg = Release|Win32
		{0532347E-7F46-487E-ACAA-52D69F527FF9}.Release|x86.Build.0 = Release|Win32
		{E202CD2A-6273-4CF9-A88A-6B510290C6A0}.Debug|Any CPU.ActiveCfg = Debug|x64
		{E202CD2A-6273-4CF9-A88A-6B510290C6A0}.Debug|Any CPU.Build.0 = Debug|x64
		{E202CD2A-6273-4CF9-A88A-6B510290C6A0}.Debug|x64.ActiveCfg = Debug|x64
		{E202CD2A-6273-4CF9-A88A-6B510290C6A0}.Debug|x64.Build.0 = Debug|x64
		{E202CD2A-6273-4CF9-A88A-6B510290C6A0}.Debug|x86.ActiveCfg = Debug|Win32
		{E202CD2A-6273-4CF9-A88A-6B510290C6A0}.Debug|x86.Build.0 = Debug|Win32
		{E202CD2A-6273-4CF9-A88A-6B510290C6A0}.Release|Any CPU.ActiveCfg = Release|x64
		{E202CD2A-6273-4CF9-A88A-6B510290C6A0}.Release|Any CPU.Build.0 = Release|x64
		{E202CD2A-6273-4CF9-A88A-6B510290C6A0}.Release|x64.ActiveCfg = Release|x64
		{E202CD2A-6273-4CF9-A88A-6B510290C6A0}.Release|x64.Build.0 = Release|x64
		{E202CD2A-6273-4CF9-A88A-6B510290C6A0}.Release|x86.ActiveCfg = Release|Win32
		{E202CD2A-6273-4CF9-A88A-6B510290C6A0}.Release|x86.Build.0 = Release|Win32
		{3D46F8DC-2FE6-4C46-9DED-49CA174EF20B}.Debug|Any CPU.ActiveCfg = Debug|x64
		{3D46F8DC-2FE6-4C46-9DED-49CA174EF20B}.Debug|Any CPU.Build.0 = Debug|x64
		{3D46F8DC-2FE6-4C46-9DED-49CA174EF20B}.Debug|x64.ActiveCfg = Debug|x64
		{3D46F8DC-2FE6-4C46-9DED-49CA174EF20B}.Debug|x64.Build.0 = Debug|x64
		{3D46F8DC-2FE6-4C46-9DED-49CA174EF20B}.Debug|x86.ActiveCfg = Debug|Win32
		{3D46F8DC-2FE6-4C46-9DED-49CA174EF20B}.Debug|x86.Build.0 = Debug|Win32
		{3D46F8DC-2FE6-4C46-9DED-49CA174EF20B}.Release|Any CPU.ActiveCfg = Release|x64
		{3D46F8DC-2FE6-4C46-9DED-49CA174EF20B}.Release|Any CPU.Build.0 = Release|x64
		{3D46F8DC-2FE6-4C46-9DED-49CA174EF20B}.Release|x64.ActiveCfg = Release|x64
		{3D46F8DC-2FE6-4C46-9DED-49CA174EF20B}.Release|x64.Build.0 = Release|x64
		{3D46F8DC-2FE6-4C46-9DED-49CA174EF20B}.Release|x86.ActiveCfg = Release|Win32
		{3D46F8DC-2FE6-4C46-9DED-49CA174EF20B}.Release|x86.Build.0 = Release|Win32
		{ED604F64-E8F7-49C7-B411-35459CF90C3D}.Debug|Any CPU.ActiveCfg = Debug|x64
		{ED604F64-E8F7-49C7-B411-35459CF90C3D}.Debug|Any CPU.Build.0 = Debug|x64
		{ED604F64-E8F7-49C7-B411-35459CF90C3D}.Debug|x64.ActiveCfg = Debug|x64
		{ED604F64-E8F7-49C7-B411-35459CF90C3D}.Debug|x64.Build.0 = Debug|x64
		{ED604F64-E8F7-49C7-B411-35459CF90C3D}.Debug|x86.ActiveCfg = Debug|Win32
		{ED604F64-E8F7-49C7-B411-35459CF90C3D}.Debug|x86.Build.0 = Debug|Win32
		{ED604F64-E8F7-49C7-B411-35459CF90C3D}.Release|Any CPU.ActiveCfg = Release|x64
		{ED604F64-E8F7-49C7-B411-35459CF90C3D}.Release|Any CPU.Build.0 = Release|x64
		{ED604F64-E8F7-49C7-B411-35459CF90C3D}.Release|x64.ActiveCfg = Release|x64
		{ED604F64-E8F7-49C7-B411-35459CF90C3D}.Release|x64.Build.0 = Release|x64
		{ED604F64-E8F7-49C7-B411-35459CF90C3D}.Release|x86.ActiveCfg = Release|Win32
		{ED604F64-E8F7-49C7-B411-35459CF90C3D}.Release|x86.Build.0 = Release|Win32
		{AC570706-1F7E-411C-AB4B-A2E6A925B37E}.Debug|Any CPU.ActiveCfg = Debug|x64
		{AC570706-1F7E-411C-AB4B-A2E6A925B37E}.Debug|Any CPU.Build.0 = Debug|x64
		{AC570706-1F7E-411C-AB4B-A2E6A925B37E}.Debug|x64.ActiveCfg = Debug|x64
		{AC570706-1F7E-411C-AB4B-A2E6A925B37E}.Debug|x64.Build.0 = Debug|x64
		{AC570706-1F7E-411C-AB4B-A2E6A925B37E}.Debug|x86.ActiveCfg = Debug|Win32
		{AC570706-1F7E-411C-AB4B-A2E6A925B37E}.Debug|x86.Build.0 = Debug|Win32
		{AC570706-1F7E-411C-AB4B-A2E6A925B37E}.Release|Any CPU.ActiveCfg = Release|x64
		{AC570706-1F7E-411C-AB4B-A2E6A925B37E}.Release|Any CPU.Build.0 = Release|x64
		{AC570706-1F7E-411C-AB4B-A2E6A925B37E}.Release|x64.ActiveCfg = Release|x64
		{AC570706-1F7E-411C-AB4B-A2E6A925B37E}.Release|x64.Build.0 = Release|x64
		{AC570706-1F7E-411C-AB4B-A2E6A925B37E}.Release|x86.ActiveCfg = Release|Win32
		{AC570706-1F7E-411C-AB4B-A2E6A925B37E}.Release|x86.Build.0 = Release|Win32
		{E142B67E-662C-42A4-B29C-7570CDE1CACA}.Debug|Any CPU.ActiveCfg = Debug|x64
		{E142B67E-662C-42A4-B29C-7570CDE1CACA}.Debug|Any CPU.Build.0 = Debug|x64
		{E142B67E-662C-42A4-B29C-7570CDE1CACA}.Debug|x64.ActiveCfg = Debug|x64
		{E142B67E-662C-42A4-B29C-7570CDE1CACA}.Debug|x64.Build.0 = Debug|x64
		{E142B67E-662C-42A4-B29C-7570CDE1CACA}.Debug|x86.ActiveCfg = Debug|Win32
		{E142B67E-662C-42A4-B29C-7570CDE1CACA}.Debug|x86.Build.0 = Debug|Win32
		{E142B67E-662C-42A4-B29C-7570CDE1CACA}.Release|Any CPU.ActiveCfg = Release|x64
		{E142B67E-662C-42A4-B29C-7570CDE1CACA}.Release|Any CPU.Build.0 = Release|x64
		{E142B67E-662C-42A4-B29C-7570CDE1CACA}.Release|x64.ActiveCfg = Release|x64
		{E142B67E-662C-42A4-B29C-7570CDE1CACA}.Release|x64.Build.0 = Release|x64
		{E142B67E-662C-42A4-B29C-7570CDE1CACA}.Release|x86.ActiveCfg = Release|Win32
		{E142B67E-662C-42A4-B29C-7570CDE1CACA}.Release|x86.Build.0 = Release|Win32
		{61F6BEA5-385D-4856-A2CE-42FBA9D54F54}.Debug|Any CPU.ActiveCfg = Debug|x64
		{61F6BEA5-385D-4856-A2CE-42FBA9D54F54}.Debug|Any CPU.Build.0 = Debug|x64
		{61F6BEA5-385D-4856-A2CE-42FBA9D54F54}.Debug|x64.ActiveCfg = Debug|x64
		{61F6BEA5-385D-4856-A2CE-42FBA9D54F54}.Debug|x64.Build.0 = Debug|x64
		{61F6BEA5-385D-4856-A2CE-42FBA9D54F54}.Debug|x86.ActiveCfg = Debug|Win32
		{61F6BEA5-385D-4856-A2CE-42FBA9D54F54}.Debug|x86.Build.0 = Debug|Win32
		{61F6BEA5-385D-4856-A2CE-42FBA9D54F54}.Release|Any CPU.ActiveCfg = Release|x64
		{61F6BEA5-385D-4856-A2CE-42FBA9D54F54}.Release|Any CPU.Build.0 = Release|x64
		{61F6BEA5-385D-4856-A2CE-42FBA9D54F54}.Release|x64.ActiveCfg = Release|x64
		{61F6BEA5-385D-4856-A2CE-42FBA9D54F54}.Release|x64.Build.0 = Release|x64
		{61F6BEA5-385D-4856-A2CE-42FBA9D54F54}.Release|x86.ActiveCfg = Release|Win32
		{61F6BEA5-385D-4856-A2CE-42FBA9D54F54}.Release|x86.Build.0 = Release|Win32
		{B3F058A8-F3C0-4D9D-99BE-11F11984989C}.Debug|Any CPU.ActiveCfg = Debug|x64
		{B3F058A8-F3C0-4D9D-99BE-11F11984989C}.Debug|Any CPU.Build.0 = Debug|x64
		{B3F058A8-F3C0-4D9D-99BE-11F11984989C}.Debug|x64.ActiveCfg = Debug|x64
		{B3F058A8-F3C0-4D9D-99BE-11F11984989C}.Debug|x64.Build.0 = Debug|x64
		{B3F058A8-F3C0-4D9D-99BE-11F11984989C}.Debug|x86.ActiveCfg = Debug|Win32
		{B3F058A8-F3C0-4D9D-99BE-11F11984989C}.Debug|x86.Build.0 = Debug|Win32
		{B3F058A8-F3C0-4D9D-99BE-11F11984989C}.Release|Any CPU.ActiveCfg = Release|x64
		{B3F058A8-F3C0-4D9D-99BE-11F11984989C}.Release|Any CPU.Build.0 = Release|x64
		{B3F058A8-F3C0-4D9D-99BE-11F11984989C}.Release|x64.ActiveCfg = Release|x64
		{B3F058A8-F3C0-4D9D-99BE-11F11984989C}.Release|x64.Build.0 = Release|x64
		{B3F058A8-F3C0-4D9D-99BE-11F11984989C}.Release|x86.ActiveCfg = Release|Win32
		{B3F058A8-F3C0-4D9D-99BE-11F11984989C}.Release|x86.Build.0 = Release|Win32
		{263D7A79-07BA-4FF4-8B95-A191F37A70B1}.Debug|Any CPU.ActiveCfg = Debug|x64
		{263D7A79-07BA-4FF4-8B95-A191F37A70B1}.Debug|Any CPU.Build.0 = Debug|x64
		{263D7A79-07BA-4FF4-8B95-A191F37A70B1}.Debug|x64.ActiveCfg = Debug|x64
		{263D7A79-07BA-4FF4-8B95-A191F37A70B1}.Debug|x64.Build.0 = Debug|x64
		{263D7A79-07BA-4FF4-8B95-A191F37A70B1}.Debug|x86.ActiveCfg = Debug|Win32
		{263D7A79-07BA-4FF4-8B95-A191F37A70B1}.Debug|x86.Build.0 = Debug|Win32
		{263D7A79-07BA-4FF4-8B95-A191F37A70B1}.Release|Any CPU.ActiveCfg = Release|x64
		{263D7A79-07BA-4FF4-8B95-A191F37A70B1}.Release|Any CPU.Build.0 = Release|x64
		{263D7A79-07BA-4FF4-8B95-A191F37A70B1}.Release|x64.ActiveCfg = Release|x64
		{263D7A79-07BA-4FF4-8B95-A191F37A70B1}.Release|x64.Build.0 = Release|x64
		{263D7A79-07BA-4FF4-8B95-A191F37A70B1}.Release|x86.ActiveCfg = Release|Win32
		{263D7A79-07BA-4FF4-8B95-A191F37A70B1}.Release|x86.Build.0 = Release|Win32
		{DA99A076-5B17-4AC5-A57B-7E538C01B255}.Debug|Any CPU.ActiveCfg = Debug|x64
		{DA99A076-5B17-4AC5-A57B-7E538C01B255}.Debug|Any CPU.Build.0 = Debug|x64
		{DA99A076-5B17-4AC5-A57B-7E538C01B255}.Debug|x64.ActiveCfg = Debug|x64
		{DA99A076-5B17-4AC5-A57B-7E538C01B255}.Debug|x64.Build.0 = Debug|x64
		{DA99A076-5B17-4AC5-A57B-7E538C01B255}.Debug|x86.ActiveCfg = Debug|Win32
		{DA99A076-5B17-4AC5-A57B-7E538C01B255}.Debug|x86.Build.0 = Debug|Win32
		{DA99A076-5B17-4AC5-A57B-7E538C01B255}.Release|Any CPU.ActiveCfg = Release|x64
		{DA99A076-5B17-4AC5-A57B-7E538C01B255}.Release|Any CPU.Build.0 = Release|x64
		{DA99A076-5B17-4AC5-A57B-7E538C01B255}.Release|x64.ActiveCfg = Release|x64
		{DA99A076-5B17-4AC5-A57B-7E538C01B255}.Release|x64.Build.0 = Release|x64
		{DA99A076-5B17-4AC5-A57B-7E538C01B255}.Release|x86.ActiveCfg = Release|Win32
		{DA99A076-5B17-4AC5-A57B-7E538C01B255}.Release|x86.Build.0 = Release|Win32
		{D765E6BD-7194-42A3-BF27-14099C777E6E}.Debug|Any CPU.ActiveCfg = Debug|x64
		{D765E6BD-7194-42A3-BF27-14099C777E6E}.Debug|Any CPU.Build.0 = Debug|x64
		{D765E6BD-7194-42A3-BF27-14099C777E6E}.Debug|x64.ActiveCfg = Debug|x64
		{D765E6BD-7194-42A3-BF27-14099C777E6E}.Debug|x64.Build.0 = Debug|x64
		{D765E6BD-7194-42A3-BF27-14099C777E6E}.Debug|x86.ActiveCfg = Debug|Win32
		{D765E6BD-7194-42A3-BF27-14099C777E6E}.Debug|x86.Build.0 = Debug|Win32
		{D765E6BD-7194-42A3-BF27-14099C777E6E}.Release|Any CPU.ActiveCfg = Release|x64
		{D765E6BD-7194-42A3-BF27-14099C777E6E}.Release|Any CPU.Build.0 = Release|x64
		{D765E6BD-7194-42A3-BF27-14099C777E6E}.Release|x64.ActiveCfg = Release|x64
		{D765E6BD-7194-42A3-BF27-14099C777E6E}.Release|x64.Build.0 = Release|x64
		{D765E6BD-7194-42A3-BF27-14099C777E6E}.Release|x86.ActiveCfg = Release|Win32
		{D765E6BD-7194-42A3-BF27-14099C777E6E}.Release|x86.Build.0 = Release|Win32
		{C358B34C-6BF6-4864-8ED6-0BB5977A92AD}.Debug|Any CPU.ActiveCfg = Debug|x64
		{C358B34C-6BF6-4864-8ED6-0BB5977A92AD}.Debug|Any CPU.Build.0 = Debug|x64
		{C358B34C-6BF6-4864-8ED6-0BB5977A92AD}.Debug|x64.ActiveCfg = Debug|x64
		{C358B34C-6BF6-4864-8ED6-0BB5977A92AD}.Debug|x64.Build.0 = Debug|x64
		{C358B34C-6BF6-4864-8ED6-0BB5977A92AD}.Debug|x86.ActiveCfg = Debug|Win32
		{C358B34C-6BF6-4864-8ED6-0BB5977A92AD}.Debug|x86.Build.0 = Debug|Win32
		{C358B34C-6BF6-4864-8ED6-0BB5977A92AD}.Release|Any CPU.ActiveCfg = Release|x64
		{C358B34C-6BF6-4864-8ED6-0BB5977A92AD}.Release|Any CPU.Build.0 = Release|x64
		{C358B34C-6BF6-4864-8ED6-0BB5977A92AD}.Release|x64.ActiveCfg = Release|x64
		{C358B34C-6BF6-4864-8ED6-0BB5977A92AD}.Release|x64.Build.0 = Release|x64
		{C358B34C-6BF6-4864-8ED6-0BB5977A92AD}.Release|x86.ActiveCfg = Release|Win32
		{C358B34C-6BF6-4864-8ED6-0BB5977A92AD}.Release|x86.Build.0 = Release|Win32
		{F3EA66AC-0C50-4442-89A7-71527112564B}.Debug|Any CPU.ActiveCfg = Debug|x64
		{F3EA66AC-0C50-4442-89A7-71527112564B}.Debug|Any CPU.Build.0 = Debug|x64
		{F3EA66AC-0C50-4442-89A7-71527112564B}.Debug|x64.ActiveCfg = Debug|x64
		{F3EA66AC-0C50-4442-89A7-71527112564B}.Debug|x64.Build.0 = Debug|x64
		{F3EA66AC-0C50-4442-89A7-71527112564B}.Debug|x86.ActiveCfg = Debug|Win32
		{F3EA66AC-0C50-4442-89A7-71527112564B}.Debug|x86.Build.0 = Debug|Win32
		{F3EA66AC-0C50-4442-89A7-71527112564B}.Release|Any CPU.ActiveCfg = Release|x64
		{F3EA66AC-0C50-4442-89A7-71527112564B}.Release|Any CPU.Build.0 = Release|x64
		{F3EA66AC-0C50-4442-89A7-71527112564B}.Release|x64.ActiveCfg = Release|x64
		{F3EA66AC-0C50-4442-89A7-71527112564B}.Release|x64.Build.0 = Release|x64
		{F3EA66AC-0C50-4442-89A7-71527112564B}.Release|x86.ActiveCfg = Release|Win32
		{F3EA66AC-0C50-4442-89A7-71527112564B}.Release|x86.Build.0 = Release|Win32
		{F9AB2D8A-4154-4B00-9E41-707D95E0FA1B}.Debug|Any CPU.ActiveCfg = Debug|x64
		{F9AB2D8A-4154-4B00-9E41-707D95E0FA1B}.Debug|Any CPU.Build.0 = Debug|x64
		{F9AB2D8A-4154-4B00-9E41-707D95E0FA1B}.Debug|x64.ActiveCfg = Debug|x64
		{F9AB2D8A-4154-4B00-9E41-707D95E0FA1B}.Debug|x64.Build.0 = Debug|x64
		{F9AB2D8A-4154-4B00-9E41-707D95E0FA1B}.Debug|x86.ActiveCfg = Debug|Win32
		{F9AB2D8A-4154-4B00-9E41-707D95E0FA1B}.Debug|x86.Build.0 = Debug|Win32
		{F9AB2D8A-4154-4B00-9E41-707D95E0FA1B}.Release|Any CPU.ActiveCfg = Release|x64
		{F9AB2D8A-4154-4B00-9E41-707D95E0FA1B}.Release|Any CPU.Build.0 = Release|x64
		{F9AB2D8A-4154-4B00-9E41-707D95E0FA1B}.Release|x64.ActiveCfg = Release|x64
		{F9AB2D8A-4154-4B00-9E41-707D95E0FA1B}.Release|x64.Build.0 = Release|x64
		{F9AB2D8A-4154-4B00-9E41-707D95E0FA1B}.Release|x86.ActiveCfg = Release|Win32
		{F9AB2D8A-4154-4B00-9E41-707D95E0FA1B}.Release|x86.Build.0 = Release|Win32
		{604F7031-4205-43A1-B22D-9FD7C077E666}.Debug|Any CPU.ActiveCfg = Debug|x64
		{604F7031-4205-43A1-B22D-9FD7C077E666}.Debug|Any CPU.Build.0 = Debug|x64
		{604F7031-4205-43A1-B22D-9FD7C077E666}.Debug|x64.ActiveCfg = Debug|x64
		{604F7031-4205-43A1-B22D-9FD7C077E666}.Debug|x64.Build.0 = Debug|x64
		{604F7031-4205-43A1-B22D-9FD7C077E666}.Debug|x86.ActiveCfg = Debug|Win32
		{604F7031-4205-43A1-B22D-9FD7C077E666}.Debug|x86.Build.0 = Debug|Win32
		{604F7031-4205-43A1-B22D-9FD7C077E666}.Release|Any CPU.ActiveCfg = Release|x64
		{604F7031-4205-43A1-B22D-9FD7C077E666}.Release|Any CPU.Build.0 = Release|x64
		{604F7031-4205-43A1-B22D-9FD7C077E666}.Release|x64.ActiveCfg = Release|x64
		{604F7031-4205-43A1-B22D-9FD7C077E666}.Release|x64.Build.0 = Release|x64
		{604F7031-4205-43A1-B22D-9FD7C077E666}.Release|x86.ActiveCfg = Release|Win32
		{604F7031-4205-43A1-B22D-9FD7C077E666}.Release|x86.Build.0 = Release|Win32
		{569641A1-049E-43E2-AB62-15AF833416A1}.Debug|Any CPU.ActiveCfg = Debug|x64
		{569641A1-049E-43E2-AB62-15AF833416A1}.Debug|Any CPU.Build.0 = Debug|x64
		{569641A1-049E-43E2-AB62-15AF833416A1}.Debug|x64.ActiveCfg = Debug|x64
		{569641A1-049E-43E2-AB62-15AF833416A1}.Debug|x64.Build.0 = Debug|x64
		{569641A1-049E-43E2-AB62-15AF833416A1}.Debug|x86.ActiveCfg = Debug|Win32
		{569641A1-049E-43E2-AB62-15AF833416A1}.Debug|x86.Build.0 = Debug|Win32
		{569641A1-049E-43E2-AB62-15AF833416A1}.Release|Any CPU.ActiveCfg = Release|x64
		{569641A1-049E-43E2-AB62-15AF833416A1}.Release|Any CPU.Build.0 = Release|x64
		{569641A1-049E-43E2-AB62-15AF833416A1}.Release|x64.ActiveCfg = Release|x64
		{569641A1-049E-43E2-AB62-15AF833416A1}.Release|x64.Build.0 = Release|x64
		{569641A1-049E-43E2-AB62-15AF833416A1}.Release|x86.ActiveCfg = Release|Win32
		{569641A1-049E-43E2-AB62-15AF833416A1}.Release|x86.Build.0 = Release|Win32
		{DDDFF6BE-8207-455E-8DDC-7A156F2AA84E}.Debug|Any CPU.ActiveCfg = Debug|x64
		{DDDFF6BE-8207-455E-8DDC-7A156F2AA84E}.Debug|Any CPU.Build.0 = Debug|x64
		{DDDFF6BE-8207-455E-8DDC-7A156F2AA84E}.Debug|x64.ActiveCfg = Debug|x64
		{DDDFF6BE-8207-455E-8DDC-7A156F2AA84E}.Debug|x64.Build.0 = Debug|x64
		{DDDFF6BE-8207-455E-8DDC-7A156F2AA84E}.Debug|x86.ActiveCfg = Debug|Win32
		{DDDFF6BE-8207-455E-8DDC-7A156F2AA84E}.Debug|x86.Build.0 = Debug|Win32
		{DDDFF6BE-8207-455E-8DDC-7A156F2AA84E}.Release|Any CPU.ActiveCfg = Release|x64
		{DDDFF6BE-8207-455E-8DDC-7A156F2AA84E}.Release|Any CPU.Build.0 = Release|x64
		{DDDFF6BE-8207-455E-8DDC-7A156F2AA84E}.Release|x64.ActiveCfg = Release|x64
		{DDDFF6BE-8207-455E-8DDC-7A156F2AA84E}.Release|x64.Build.0 = Release|x64
		{DDDFF6BE-8207-455E-8DDC-7A156F2AA84E}.Release|x86.ActiveCfg = Release|Win32
		{DDDFF6BE-8207-455E-8DDC-7A156F2AA84E}.Release|x86.Build.0 = Release|Win32
		{996BA3CD-AEB4-42F2-9C3C-477A6D922EAC}.Debug|Any CPU.ActiveCfg = Debug|x64
		{996BA3CD-AEB4-42F2-9C3C-477A6D922EAC}.Debug|Any CPU.Build.0 = Debug|x64
		{996BA3CD-AEB4-42F2-9C3C-477A6D922EAC}.Debug|x64.ActiveCfg = Debug|x64
		{996BA3CD-AEB4-42F2-9C3C-477A6D922EAC}.Debug|x64.Build.0 = Debug|x64
		{996BA3CD-AEB4-42F2-9C3C-477A6D922EAC}.Debug|x86.ActiveCfg = Debug|Win32
		{996BA3CD-AEB4-42F2-9C3C-477A6D922EAC}.Debug|x86.Build.0 = Debug|Win32
		{996BA3CD-AEB4-42F2-9C3C-477A6D922EAC}.Release|Any CPU.ActiveCfg = Release|x64
		{996BA3CD-AEB4-42F2-9C3C-477A6D922EAC}.Release|Any CPU.Build.0 = Release|x64
		{996BA3CD-AEB4-42F2-9C3C-477A6D922EAC}.Release|x64.ActiveCfg = Release|x64
		{996BA3CD-AEB4-42F2-9C3C-477A6D922EAC}.Release|x64.Build.0 = Release|x64
		{996BA3CD-AEB4-42F2-9C3C-477A6D922EAC}.Release|x86.ActiveCfg = Release|Win32
		{996BA3CD-AEB4-42F2-9C3C-477A6D922EAC}.Release|x86.Build.0 = Release|Win32
		{1FAD8AE6-ED1F-409F-B369-09F8D74BABFE}.Debug|Any CPU.ActiveCfg = Debug|Any CPU
		{1FAD8AE6-ED1F-409F-B369-09F8D74BABFE}.Debug|Any CPU.Build.0 = Debug|Any CPU
		{1FAD8AE6-ED1F-409F-B369-09F8D74BABFE}.Debug|x64.ActiveCfg = Debug|Any CPU
		{1FAD8AE6-ED1F-409F-B369-09F8D74BABFE}.Debug|x64.Build.0 = Debug|Any CPU
		{1FAD8AE6-ED1F-409F-B369-09F8D74BABFE}.Debug|x86.ActiveCfg = Debug|Any CPU
		{1FAD8AE6-ED1F-409F-B369-09F8D74BABFE}.Debug|x86.Build.0 = Debug|Any CPU
		{1FAD8AE6-ED1F-409F-B369-09F8D74BABFE}.Release|Any CPU.ActiveCfg = Release|Any CPU
		{1FAD8AE6-ED1F-409F-B369-09F8D74BABFE}.Release|Any CPU.Build.0 = Release|Any CPU
		{1FAD8AE6-ED1F-409F-B369-09F8D74BABFE}.Release|x64.ActiveCfg = Release|Any CPU
		{1FAD8AE6-ED1F-409F-B369-09F8D74BABFE}.Release|x64.Build.0 = Release|Any CPU
		{1FAD8AE6-ED1F-409F-B369-09F8D74BABFE}.Release|x86.ActiveCfg = Release|Any CPU
		{1FAD8AE6-ED1F-409F-B369-09F8D74BABFE}.Release|x86.Build.0 = Release|Any CPU
		{7C94171A-D9F9-4B35-88D2-1ABDF847F6AB}.Debug|Any CPU.ActiveCfg = Debug|Any CPU
		{7C94171A-D9F9-4B35-88D2-1ABDF847F6AB}.Debug|Any CPU.Build.0 = Debug|Any CPU
		{7C94171A-D9F9-4B35-88D2-1ABDF847F6AB}.Debug|x64.ActiveCfg = Debug|Any CPU
		{7C94171A-D9F9-4B35-88D2-1ABDF847F6AB}.Debug|x64.Build.0 = Debug|Any CPU
		{7C94171A-D9F9-4B35-88D2-1ABDF847F6AB}.Debug|x86.ActiveCfg = Debug|Any CPU
		{7C94171A-D9F9-4B35-88D2-1ABDF847F6AB}.Debug|x86.Build.0 = Debug|Any CPU
		{7C94171A-D9F9-4B35-88D2-1ABDF847F6AB}.Release|Any CPU.ActiveCfg = Release|Any CPU
		{7C94171A-D9F9-4B35-88D2-1ABDF847F6AB}.Release|Any CPU.Build.0 = Release|Any CPU
		{7C94171A-D9F9-4B35-88D2-1ABDF847F6AB}.Release|x64.ActiveCfg = Release|Any CPU
		{7C94171A-D9F9-4B35-88D2-1ABDF847F6AB}.Release|x64.Build.0 = Release|Any CPU
		{7C94171A-D9F9-4B35-88D2-1ABDF847F6AB}.Release|x86.ActiveCfg = Release|Any CPU
		{7C94171A-D9F9-4B35-88D2-1ABDF847F6AB}.Release|x86.Build.0 = Release|Any CPU
		{DBFD7C99-16A7-408F-8ED6-2F9448885400}.Debug|Any CPU.ActiveCfg = Debug|Any CPU
		{DBFD7C99-16A7-408F-8ED6-2F9448885400}.Debug|Any CPU.Build.0 = Debug|Any CPU
		{DBFD7C99-16A7-408F-8ED6-2F9448885400}.Debug|x64.ActiveCfg = Debug|Any CPU
		{DBFD7C99-16A7-408F-8ED6-2F9448885400}.Debug|x64.Build.0 = Debug|Any CPU
		{DBFD7C99-16A7-408F-8ED6-2F9448885400}.Debug|x86.ActiveCfg = Debug|Any CPU
		{DBFD7C99-16A7-408F-8ED6-2F9448885400}.Debug|x86.Build.0 = Debug|Any CPU
		{DBFD7C99-16A7-408F-8ED6-2F9448885400}.Release|Any CPU.ActiveCfg = Release|Any CPU
		{DBFD7C99-16A7-408F-8ED6-2F9448885400}.Release|Any CPU.Build.0 = Release|Any CPU
		{DBFD7C99-16A7-408F-8ED6-2F9448885400}.Release|x64.ActiveCfg = Release|Any CPU
		{DBFD7C99-16A7-408F-8ED6-2F9448885400}.Release|x64.Build.0 = Release|Any CPU
		{DBFD7C99-16A7-408F-8ED6-2F9448885400}.Release|x86.ActiveCfg = Release|Any CPU
		{DBFD7C99-16A7-408F-8ED6-2F9448885400}.Release|x86.Build.0 = Release|Any CPU
		{CBC1641D-1194-464F-8DE3-18F756D5A1DE}.Debug|Any CPU.ActiveCfg = Debug|Any CPU
		{CBC1641D-1194-464F-8DE3-18F756D5A1DE}.Debug|Any CPU.Build.0 = Debug|Any CPU
		{CBC1641D-1194-464F-8DE3-18F756D5A1DE}.Debug|x64.ActiveCfg = Debug|Any CPU
		{CBC1641D-1194-464F-8DE3-18F756D5A1DE}.Debug|x64.Build.0 = Debug|Any CPU
		{CBC1641D-1194-464F-8DE3-18F756D5A1DE}.Debug|x86.ActiveCfg = Debug|Any CPU
		{CBC1641D-1194-464F-8DE3-18F756D5A1DE}.Debug|x86.Build.0 = Debug|Any CPU
		{CBC1641D-1194-464F-8DE3-18F756D5A1DE}.Release|Any CPU.ActiveCfg = Release|Any CPU
		{CBC1641D-1194-464F-8DE3-18F756D5A1DE}.Release|Any CPU.Build.0 = Release|Any CPU
		{CBC1641D-1194-464F-8DE3-18F756D5A1DE}.Release|x64.ActiveCfg = Release|Any CPU
		{CBC1641D-1194-464F-8DE3-18F756D5A1DE}.Release|x64.Build.0 = Release|Any CPU
		{CBC1641D-1194-464F-8DE3-18F756D5A1DE}.Release|x86.ActiveCfg = Release|Any CPU
		{CBC1641D-1194-464F-8DE3-18F756D5A1DE}.Release|x86.Build.0 = Release|Any CPU
		{AD568C58-C961-4808-847F-6B23BE2FC490}.Debug|Any CPU.ActiveCfg = Debug|Any CPU
		{AD568C58-C961-4808-847F-6B23BE2FC490}.Debug|Any CPU.Build.0 = Debug|Any CPU
		{AD568C58-C961-4808-847F-6B23BE2FC490}.Debug|x64.ActiveCfg = Debug|Any CPU
		{AD568C58-C961-4808-847F-6B23BE2FC490}.Debug|x64.Build.0 = Debug|Any CPU
		{AD568C58-C961-4808-847F-6B23BE2FC490}.Debug|x86.ActiveCfg = Debug|Any CPU
		{AD568C58-C961-4808-847F-6B23BE2FC490}.Debug|x86.Build.0 = Debug|Any CPU
		{AD568C58-C961-4808-847F-6B23BE2FC490}.Release|Any CPU.ActiveCfg = Release|Any CPU
		{AD568C58-C961-4808-847F-6B23BE2FC490}.Release|Any CPU.Build.0 = Release|Any CPU
		{AD568C58-C961-4808-847F-6B23BE2FC490}.Release|x64.ActiveCfg = Release|Any CPU
		{AD568C58-C961-4808-847F-6B23BE2FC490}.Release|x64.Build.0 = Release|Any CPU
		{AD568C58-C961-4808-847F-6B23BE2FC490}.Release|x86.ActiveCfg = Release|Any CPU
		{AD568C58-C961-4808-847F-6B23BE2FC490}.Release|x86.Build.0 = Release|Any CPU
		{542681E9-8C30-4BDF-A2F9-223115BE4F55}.Debug|Any CPU.ActiveCfg = Debug|Any CPU
		{542681E9-8C30-4BDF-A2F9-223115BE4F55}.Debug|Any CPU.Build.0 = Debug|Any CPU
		{542681E9-8C30-4BDF-A2F9-223115BE4F55}.Debug|x64.ActiveCfg = Debug|Any CPU
		{542681E9-8C30-4BDF-A2F9-223115BE4F55}.Debug|x64.Build.0 = Debug|Any CPU
		{542681E9-8C30-4BDF-A2F9-223115BE4F55}.Debug|x86.ActiveCfg = Debug|Any CPU
		{542681E9-8C30-4BDF-A2F9-223115BE4F55}.Debug|x86.Build.0 = Debug|Any CPU
		{542681E9-8C30-4BDF-A2F9-223115BE4F55}.Release|Any CPU.ActiveCfg = Release|Any CPU
		{542681E9-8C30-4BDF-A2F9-223115BE4F55}.Release|Any CPU.Build.0 = Release|Any CPU
		{542681E9-8C30-4BDF-A2F9-223115BE4F55}.Release|x64.ActiveCfg = Release|Any CPU
		{542681E9-8C30-4BDF-A2F9-223115BE4F55}.Release|x64.Build.0 = Release|Any CPU
		{542681E9-8C30-4BDF-A2F9-223115BE4F55}.Release|x86.ActiveCfg = Release|Any CPU
		{542681E9-8C30-4BDF-A2F9-223115BE4F55}.Release|x86.Build.0 = Release|Any CPU
		{BFD81E61-C3E7-4972-B9FE-A1BC12715DD0}.Debug|Any CPU.ActiveCfg = Debug|Any CPU
		{BFD81E61-C3E7-4972-B9FE-A1BC12715DD0}.Debug|Any CPU.Build.0 = Debug|Any CPU
		{BFD81E61-C3E7-4972-B9FE-A1BC12715DD0}.Debug|x64.ActiveCfg = Debug|Any CPU
		{BFD81E61-C3E7-4972-B9FE-A1BC12715DD0}.Debug|x64.Build.0 = Debug|Any CPU
		{BFD81E61-C3E7-4972-B9FE-A1BC12715DD0}.Debug|x86.ActiveCfg = Debug|Any CPU
		{BFD81E61-C3E7-4972-B9FE-A1BC12715DD0}.Debug|x86.Build.0 = Debug|Any CPU
		{BFD81E61-C3E7-4972-B9FE-A1BC12715DD0}.Release|Any CPU.ActiveCfg = Release|Any CPU
		{BFD81E61-C3E7-4972-B9FE-A1BC12715DD0}.Release|Any CPU.Build.0 = Release|Any CPU
		{BFD81E61-C3E7-4972-B9FE-A1BC12715DD0}.Release|x64.ActiveCfg = Release|Any CPU
		{BFD81E61-C3E7-4972-B9FE-A1BC12715DD0}.Release|x64.Build.0 = Release|Any CPU
		{BFD81E61-C3E7-4972-B9FE-A1BC12715DD0}.Release|x86.ActiveCfg = Release|Any CPU
		{BFD81E61-C3E7-4972-B9FE-A1BC12715DD0}.Release|x86.Build.0 = Release|Any CPU
		{E409A79C-FCF1-45B9-8656-E81958472105}.Debug|Any CPU.ActiveCfg = Debug|Any CPU
		{E409A79C-FCF1-45B9-8656-E81958472105}.Debug|Any CPU.Build.0 = Debug|Any CPU
		{E409A79C-FCF1-45B9-8656-E81958472105}.Debug|x64.ActiveCfg = Debug|Any CPU
		{E409A79C-FCF1-45B9-8656-E81958472105}.Debug|x64.Build.0 = Debug|Any CPU
		{E409A79C-FCF1-45B9-8656-E81958472105}.Debug|x86.ActiveCfg = Debug|Any CPU
		{E409A79C-FCF1-45B9-8656-E81958472105}.Debug|x86.Build.0 = Debug|Any CPU
		{E409A79C-FCF1-45B9-8656-E81958472105}.Release|Any CPU.ActiveCfg = Release|Any CPU
		{E409A79C-FCF1-45B9-8656-E81958472105}.Release|Any CPU.Build.0 = Release|Any CPU
		{E409A79C-FCF1-45B9-8656-E81958472105}.Release|x64.ActiveCfg = Release|Any CPU
		{E409A79C-FCF1-45B9-8656-E81958472105}.Release|x64.Build.0 = Release|Any CPU
		{E409A79C-FCF1-45B9-8656-E81958472105}.Release|x86.ActiveCfg = Release|Any CPU
		{E409A79C-FCF1-45B9-8656-E81958472105}.Release|x86.Build.0 = Release|Any CPU
		{6DAFDB12-76CC-41E0-B185-0C86CB2A8179}.Debug|Any CPU.ActiveCfg = Debug|Any CPU
		{6DAFDB12-76CC-41E0-B185-0C86CB2A8179}.Debug|Any CPU.Build.0 = Debug|Any CPU
		{6DAFDB12-76CC-41E0-B185-0C86CB2A8179}.Debug|Any CPU.Deploy.0 = Debug|Any CPU
		{6DAFDB12-76CC-41E0-B185-0C86CB2A8179}.Debug|x64.ActiveCfg = Debug|Any CPU
		{6DAFDB12-76CC-41E0-B185-0C86CB2A8179}.Debug|x64.Build.0 = Debug|Any CPU
		{6DAFDB12-76CC-41E0-B185-0C86CB2A8179}.Debug|x86.ActiveCfg = Debug|Any CPU
		{6DAFDB12-76CC-41E0-B185-0C86CB2A8179}.Debug|x86.Build.0 = Debug|Any CPU
		{6DAFDB12-76CC-41E0-B185-0C86CB2A8179}.Release|Any CPU.ActiveCfg = Release|Any CPU
		{6DAFDB12-76CC-41E0-B185-0C86CB2A8179}.Release|Any CPU.Build.0 = Release|Any CPU
		{6DAFDB12-76CC-41E0-B185-0C86CB2A8179}.Release|x64.ActiveCfg = Release|Any CPU
		{6DAFDB12-76CC-41E0-B185-0C86CB2A8179}.Release|x64.Build.0 = Release|Any CPU
		{6DAFDB12-76CC-41E0-B185-0C86CB2A8179}.Release|x86.ActiveCfg = Release|Any CPU
		{6DAFDB12-76CC-41E0-B185-0C86CB2A8179}.Release|x86.Build.0 = Release|Any CPU
		{B9F7E90D-54D5-43F7-A528-C72D92B08286}.Debug|Any CPU.ActiveCfg = Debug|Any CPU
		{B9F7E90D-54D5-43F7-A528-C72D92B08286}.Debug|Any CPU.Build.0 = Debug|Any CPU
		{B9F7E90D-54D5-43F7-A528-C72D92B08286}.Debug|Any CPU.Deploy.0 = Debug|Any CPU
		{B9F7E90D-54D5-43F7-A528-C72D92B08286}.Debug|x64.ActiveCfg = Debug|Any CPU
		{B9F7E90D-54D5-43F7-A528-C72D92B08286}.Debug|x64.Build.0 = Debug|Any CPU
		{B9F7E90D-54D5-43F7-A528-C72D92B08286}.Debug|x86.ActiveCfg = Debug|Any CPU
		{B9F7E90D-54D5-43F7-A528-C72D92B08286}.Debug|x86.Build.0 = Debug|Any CPU
		{B9F7E90D-54D5-43F7-A528-C72D92B08286}.Release|Any CPU.ActiveCfg = Release|Any CPU
		{B9F7E90D-54D5-43F7-A528-C72D92B08286}.Release|Any CPU.Build.0 = Release|Any CPU
		{B9F7E90D-54D5-43F7-A528-C72D92B08286}.Release|x64.ActiveCfg = Release|Any CPU
		{B9F7E90D-54D5-43F7-A528-C72D92B08286}.Release|x64.Build.0 = Release|Any CPU
		{B9F7E90D-54D5-43F7-A528-C72D92B08286}.Release|x86.ActiveCfg = Release|Any CPU
		{B9F7E90D-54D5-43F7-A528-C72D92B08286}.Release|x86.Build.0 = Release|Any CPU
		{11E61BDE-0A21-4462-9425-E1703F096288}.Debug|Any CPU.ActiveCfg = Debug|Any CPU
		{11E61BDE-0A21-4462-9425-E1703F096288}.Debug|Any CPU.Build.0 = Debug|Any CPU
		{11E61BDE-0A21-4462-9425-E1703F096288}.Debug|Any CPU.Deploy.0 = Debug|Any CPU
		{11E61BDE-0A21-4462-9425-E1703F096288}.Debug|x64.ActiveCfg = Debug|Any CPU
		{11E61BDE-0A21-4462-9425-E1703F096288}.Debug|x64.Build.0 = Debug|Any CPU
		{11E61BDE-0A21-4462-9425-E1703F096288}.Debug|x86.ActiveCfg = Debug|Any CPU
		{11E61BDE-0A21-4462-9425-E1703F096288}.Debug|x86.Build.0 = Debug|Any CPU
		{11E61BDE-0A21-4462-9425-E1703F096288}.Release|Any CPU.ActiveCfg = Release|Any CPU
		{11E61BDE-0A21-4462-9425-E1703F096288}.Release|Any CPU.Build.0 = Release|Any CPU
		{11E61BDE-0A21-4462-9425-E1703F096288}.Release|x64.ActiveCfg = Release|Any CPU
		{11E61BDE-0A21-4462-9425-E1703F096288}.Release|x64.Build.0 = Release|Any CPU
		{11E61BDE-0A21-4462-9425-E1703F096288}.Release|x86.ActiveCfg = Release|Any CPU
		{11E61BDE-0A21-4462-9425-E1703F096288}.Release|x86.Build.0 = Release|Any CPU
		{6BF5A757-89E0-424C-95D7-33D648058A82}.Debug|Any CPU.ActiveCfg = Debug|Any CPU
		{6BF5A757-89E0-424C-95D7-33D648058A82}.Debug|Any CPU.Build.0 = Debug|Any CPU
		{6BF5A757-89E0-424C-95D7-33D648058A82}.Debug|Any CPU.Deploy.0 = Debug|Any CPU
		{6BF5A757-89E0-424C-95D7-33D648058A82}.Debug|x64.ActiveCfg = Debug|Any CPU
		{6BF5A757-89E0-424C-95D7-33D648058A82}.Debug|x64.Build.0 = Debug|Any CPU
		{6BF5A757-89E0-424C-95D7-33D648058A82}.Debug|x86.ActiveCfg = Debug|Any CPU
		{6BF5A757-89E0-424C-95D7-33D648058A82}.Debug|x86.Build.0 = Debug|Any CPU
		{6BF5A757-89E0-424C-95D7-33D648058A82}.Release|Any CPU.ActiveCfg = Release|Any CPU
		{6BF5A757-89E0-424C-95D7-33D648058A82}.Release|Any CPU.Build.0 = Release|Any CPU
		{6BF5A757-89E0-424C-95D7-33D648058A82}.Release|x64.ActiveCfg = Release|Any CPU
		{6BF5A757-89E0-424C-95D7-33D648058A82}.Release|x64.Build.0 = Release|Any CPU
		{6BF5A757-89E0-424C-95D7-33D648058A82}.Release|x86.ActiveCfg = Release|Any CPU
		{6BF5A757-89E0-424C-95D7-33D648058A82}.Release|x86.Build.0 = Release|Any CPU
		{196A1052-1F25-494B-B4D3-770546CE70A3}.Debug|Any CPU.ActiveCfg = Debug|Any CPU
		{196A1052-1F25-494B-B4D3-770546CE70A3}.Debug|Any CPU.Build.0 = Debug|Any CPU
		{196A1052-1F25-494B-B4D3-770546CE70A3}.Debug|Any CPU.Deploy.0 = Debug|Any CPU
		{196A1052-1F25-494B-B4D3-770546CE70A3}.Debug|x64.ActiveCfg = Debug|Any CPU
		{196A1052-1F25-494B-B4D3-770546CE70A3}.Debug|x64.Build.0 = Debug|Any CPU
		{196A1052-1F25-494B-B4D3-770546CE70A3}.Debug|x86.ActiveCfg = Debug|Any CPU
		{196A1052-1F25-494B-B4D3-770546CE70A3}.Debug|x86.Build.0 = Debug|Any CPU
		{196A1052-1F25-494B-B4D3-770546CE70A3}.Release|Any CPU.ActiveCfg = Release|Any CPU
		{196A1052-1F25-494B-B4D3-770546CE70A3}.Release|Any CPU.Build.0 = Release|Any CPU
		{196A1052-1F25-494B-B4D3-770546CE70A3}.Release|x64.ActiveCfg = Release|Any CPU
		{196A1052-1F25-494B-B4D3-770546CE70A3}.Release|x64.Build.0 = Release|Any CPU
		{196A1052-1F25-494B-B4D3-770546CE70A3}.Release|x86.ActiveCfg = Release|Any CPU
		{196A1052-1F25-494B-B4D3-770546CE70A3}.Release|x86.Build.0 = Release|Any CPU
	EndGlobalSection
	GlobalSection(SolutionProperties) = preSolution
		HideSolutionNode = FALSE
	EndGlobalSection
	GlobalSection(NestedProjects) = preSolution
		{98F9EDB1-6310-4001-979F-D42306D69410} = {D13A6572-EF75-4383-91E0-96EC04E01B44}
		{105A55DF-9C03-440A-8E53-EF00C667DFBB} = {D13A6572-EF75-4383-91E0-96EC04E01B44}
		{D13A6572-EF75-4383-91E0-96EC04E01B44} = {A3AFD71F-E408-43C1-8D24-02E1B960F888}
		{4D1EB96A-B38E-48B7-A921-48B9AD343308} = {A3AFD71F-E408-43C1-8D24-02E1B960F888}
		{DCCE89BA-5312-45BA-9A2E-8F652BB164A6} = {4D1EB96A-B38E-48B7-A921-48B9AD343308}
		{139C2150-EB7F-4FDF-AC2D-3E3D4088E365} = {4D1EB96A-B38E-48B7-A921-48B9AD343308}
		{8613A519-E298-4969-B35C-7F7F36A376F3} = {4D1EB96A-B38E-48B7-A921-48B9AD343308}
		{81A7876A-928D-47E5-BB37-602B615F5CCA} = {4D1EB96A-B38E-48B7-A921-48B9AD343308}
		{FED6B839-3B55-4538-B588-B2F477E89550} = {A3AFD71F-E408-43C1-8D24-02E1B960F888}
		{195E1FF5-F847-4497-904C-AF84EBABC260} = {FED6B839-3B55-4538-B588-B2F477E89550}
		{D25CDAE0-B32B-4906-9E00-5992E4C9D65C} = {FED6B839-3B55-4538-B588-B2F477E89550}
		{0019F29E-E196-41C0-919E-892E40017745} = {A3AFD71F-E408-43C1-8D24-02E1B960F888}
		{0532347E-7F46-487E-ACAA-52D69F527FF9} = {0019F29E-E196-41C0-919E-892E40017745}
		{E202CD2A-6273-4CF9-A88A-6B510290C6A0} = {0019F29E-E196-41C0-919E-892E40017745}
		{2C99F321-856F-407A-975E-EA6BBF57F7D8} = {A3AFD71F-E408-43C1-8D24-02E1B960F888}
		{3D46F8DC-2FE6-4C46-9DED-49CA174EF20B} = {2C99F321-856F-407A-975E-EA6BBF57F7D8}
		{ED604F64-E8F7-49C7-B411-35459CF90C3D} = {2C99F321-856F-407A-975E-EA6BBF57F7D8}
		{AC570706-1F7E-411C-AB4B-A2E6A925B37E} = {2C99F321-856F-407A-975E-EA6BBF57F7D8}
		{E142B67E-662C-42A4-B29C-7570CDE1CACA} = {2C99F321-856F-407A-975E-EA6BBF57F7D8}
		{61F6BEA5-385D-4856-A2CE-42FBA9D54F54} = {2C99F321-856F-407A-975E-EA6BBF57F7D8}
		{A3AFD71F-E408-43C1-8D24-02E1B960F888} = {D279C04B-E40B-4E53-A3CC-EC4EF711D1EB}
		{135D92B6-8C70-40D4-9DDC-F44EC1DBCE6E} = {D279C04B-E40B-4E53-A3CC-EC4EF711D1EB}
		{46F66FEA-B070-42C1-AC77-C10B48C76769} = {135D92B6-8C70-40D4-9DDC-F44EC1DBCE6E}
		{B3F058A8-F3C0-4D9D-99BE-11F11984989C} = {46F66FEA-B070-42C1-AC77-C10B48C76769}
		{D279C04B-E40B-4E53-A3CC-EC4EF711D1EB} = {02EA681E-C7D8-13C7-8484-4AC65E1B71E8}
		{46955595-8975-452F-8C79-6501F26F5D9F} = {02EA681E-C7D8-13C7-8484-4AC65E1B71E8}
		{263D7A79-07BA-4FF4-8B95-A191F37A70B1} = {46955595-8975-452F-8C79-6501F26F5D9F}
		{DA99A076-5B17-4AC5-A57B-7E538C01B255} = {46955595-8975-452F-8C79-6501F26F5D9F}
		{766F8214-1615-4B3B-9466-465F4F1FBA2C} = {135D92B6-8C70-40D4-9DDC-F44EC1DBCE6E}
		{D765E6BD-7194-42A3-BF27-14099C777E6E} = {766F8214-1615-4B3B-9466-465F4F1FBA2C}
		{C358B34C-6BF6-4864-8ED6-0BB5977A92AD} = {766F8214-1615-4B3B-9466-465F4F1FBA2C}
		{F3EA66AC-0C50-4442-89A7-71527112564B} = {766F8214-1615-4B3B-9466-465F4F1FBA2C}
		{F9AB2D8A-4154-4B00-9E41-707D95E0FA1B} = {766F8214-1615-4B3B-9466-465F4F1FBA2C}
		{604F7031-4205-43A1-B22D-9FD7C077E666} = {766F8214-1615-4B3B-9466-465F4F1FBA2C}
		{BC3E026D-473F-4FDE-89AE-22591BD4EA58} = {02EA681E-C7D8-13C7-8484-4AC65E1B71E8}
		{569641A1-049E-43E2-AB62-15AF833416A1} = {BC3E026D-473F-4FDE-89AE-22591BD4EA58}
		{DDDFF6BE-8207-455E-8DDC-7A156F2AA84E} = {BC3E026D-473F-4FDE-89AE-22591BD4EA58}
		{996BA3CD-AEB4-42F2-9C3C-477A6D922EAC} = {BC3E026D-473F-4FDE-89AE-22591BD4EA58}
		{1FAD8AE6-ED1F-409F-B369-09F8D74BABFE} = {4A373B39-951F-4D6E-A469-D4FBD6E2E2A7}
		{7C94171A-D9F9-4B35-88D2-1ABDF847F6AB} = {4A373B39-951F-4D6E-A469-D4FBD6E2E2A7}
		{DBFD7C99-16A7-408F-8ED6-2F9448885400} = {4A373B39-951F-4D6E-A469-D4FBD6E2E2A7}
		{CBC1641D-1194-464F-8DE3-18F756D5A1DE} = {4A373B39-951F-4D6E-A469-D4FBD6E2E2A7}
		{AD568C58-C961-4808-847F-6B23BE2FC490} = {4A373B39-951F-4D6E-A469-D4FBD6E2E2A7}
		{542681E9-8C30-4BDF-A2F9-223115BE4F55} = {4A373B39-951F-4D6E-A469-D4FBD6E2E2A7}
		{BFD81E61-C3E7-4972-B9FE-A1BC12715DD0} = {4A373B39-951F-4D6E-A469-D4FBD6E2E2A7}
		{E409A79C-FCF1-45B9-8656-E81958472105} = {4A373B39-951F-4D6E-A469-D4FBD6E2E2A7}
		{4A373B39-951F-4D6E-A469-D4FBD6E2E2A7} = {C919FAF1-FA46-48A3-AD93-CC935CCD1A84}
		{CA3C806F-E1EE-4C06-AC38-EADC99009BC7} = {C919FAF1-FA46-48A3-AD93-CC935CCD1A84}
		{AA050BFC-6DB4-4942-8C4E-38CC9C741A78} = {CA3C806F-E1EE-4C06-AC38-EADC99009BC7}
		{6DAFDB12-76CC-41E0-B185-0C86CB2A8179} = {AA050BFC-6DB4-4942-8C4E-38CC9C741A78}
		{62F32341-FE56-4144-B1F7-56723FE8A3E8} = {CA3C806F-E1EE-4C06-AC38-EADC99009BC7}
		{B9F7E90D-54D5-43F7-A528-C72D92B08286} = {62F32341-FE56-4144-B1F7-56723FE8A3E8}
		{0FA4470E-B4C8-4DFF-8518-19F861C75D7C} = {CA3C806F-E1EE-4C06-AC38-EADC99009BC7}
		{11E61BDE-0A21-4462-9425-E1703F096288} = {0FA4470E-B4C8-4DFF-8518-19F861C75D7C}
		{D6B9E7BD-D89D-43B4-9A1C-CD3574CA57E2} = {CA3C806F-E1EE-4C06-AC38-EADC99009BC7}
		{6BF5A757-89E0-424C-95D7-33D648058A82} = {D6B9E7BD-D89D-43B4-9A1C-CD3574CA57E2}
		{AA1F719E-8D72-4380-8078-4C9A7D4DB037} = {CA3C806F-E1EE-4C06-AC38-EADC99009BC7}
		{196A1052-1F25-494B-B4D3-770546CE70A3} = {AA1F719E-8D72-4380-8078-4C9A7D4DB037}
	EndGlobalSection
	GlobalSection(ExtensibilityGlobals) = postSolution
		SolutionGuid = {F097B48F-B591-4473-B32E-9C089190C89B}
	EndGlobalSection
EndGlobal
